// !$*UTF8*$!
{
	archiveVersion = 1;
	classes = {
	};
	objectVersion = 50;
	objects = {

/* Begin PBXBuildFile section */
		AB576F7A24AF1F5300811835 /* SwiftUI_IOS14_UpdateApp.swift in Sources */ = {isa = PBXBuildFile; fileRef = AB576F7924AF1F5300811835 /* SwiftUI_IOS14_UpdateApp.swift */; };
		AB576F7C24AF1F5300811835 /* ContentView.swift in Sources */ = {isa = PBXBuildFile; fileRef = AB576F7B24AF1F5300811835 /* ContentView.swift */; };
		AB576F7E24AF1F5700811835 /* Assets.xcassets in Resources */ = {isa = PBXBuildFile; fileRef = AB576F7D24AF1F5700811835 /* Assets.xcassets */; };
		AB576F8124AF1F5700811835 /* Preview Assets.xcassets in Resources */ = {isa = PBXBuildFile; fileRef = AB576F8024AF1F5700811835 /* Preview Assets.xcassets */; };
		AB576F8A24AF288D00811835 /* Extension.swift in Sources */ = {isa = PBXBuildFile; fileRef = AB576F8924AF288D00811835 /* Extension.swift */; };
/* End PBXBuildFile section */

/* Begin PBXFileReference section */
		AB576F7624AF1F5300811835 /* SwiftUI_IOS14_Update.app */ = {isa = PBXFileReference; explicitFileType = wrapper.application; includeInIndex = 0; path = SwiftUI_IOS14_Update.app; sourceTree = BUILT_PRODUCTS_DIR; };
		AB576F7924AF1F5300811835 /* SwiftUI_IOS14_UpdateApp.swift */ = {isa = PBXFileReference; lastKnownFileType = sourcecode.swift; path = SwiftUI_IOS14_UpdateApp.swift; sourceTree = "<group>"; };
		AB576F7B24AF1F5300811835 /* ContentView.swift */ = {isa = PBXFileReference; lastKnownFileType = sourcecode.swift; path = ContentView.swift; sourceTree = "<group>"; };
		AB576F7D24AF1F5700811835 /* Assets.xcassets */ = {isa = PBXFileReference; lastKnownFileType = folder.assetcatalog; path = Assets.xcassets; sourceTree = "<group>"; };
		AB576F8024AF1F5700811835 /* Preview Assets.xcassets */ = {isa = PBXFileReference; lastKnownFileType = folder.assetcatalog; path = "Preview Assets.xcassets"; sourceTree = "<group>"; };
		AB576F8224AF1F5700811835 /* Info.plist */ = {isa = PBXFileReference; lastKnownFileType = text.plist.xml; path = Info.plist; sourceTree = "<group>"; };
		AB576F8924AF288D00811835 /* Extension.swift */ = {isa = PBXFileReference; lastKnownFileType = sourcecode.swift; path = Extension.swift; sourceTree = "<group>"; };
/* End PBXFileReference section */

/* Begin PBXFrameworksBuildPhase section */
		AB576F7324AF1F5300811835 /* Frameworks */ = {
			isa = PBXFrameworksBuildPhase;
			buildActionMask = 2147483647;
			files = (
			);
			runOnlyForDeploymentPostprocessing = 0;
		};
/* End PBXFrameworksBuildPhase section */

/* Begin PBXGroup section */
		AB576F6D24AF1F5300811835 = {
			isa = PBXGroup;
			children = (
				AB576F7824AF1F5300811835 /* SwiftUI_IOS14_Update */,
				AB576F7724AF1F5300811835 /* Products */,
			);
			sourceTree = "<group>";
		};
		AB576F7724AF1F5300811835 /* Products */ = {
			isa = PBXGroup;
			children = (
				AB576F7624AF1F5300811835 /* SwiftUI_IOS14_Update.app */,
			);
			name = Products;
			sourceTree = "<group>";
		};
		AB576F7824AF1F5300811835 /* SwiftUI_IOS14_Update */ = {
			isa = PBXGroup;
			children = (
				AB576F8824AF287600811835 /* Extensions */,
				AB576F7924AF1F5300811835 /* SwiftUI_IOS14_UpdateApp.swift */,
				AB576F7B24AF1F5300811835 /* ContentView.swift */,
				AB576F7D24AF1F5700811835 /* Assets.xcassets */,
				AB576F8224AF1F5700811835 /* Info.plist */,
				AB576F7F24AF1F5700811835 /* Preview Content */,
			);
			path = SwiftUI_IOS14_Update;
			sourceTree = "<group>";
		};
		AB576F7F24AF1F5700811835 /* Preview Content */ = {
			isa = PBXGroup;
			children = (
				AB576F8024AF1F5700811835 /* Preview Assets.xcassets */,
			);
			path = "Preview Content";
			sourceTree = "<group>";
		};
		AB576F8824AF287600811835 /* Extensions */ = {
			isa = PBXGroup;
			children = (
				AB576F8924AF288D00811835 /* Extension.swift */,
			);
			path = Extensions;
			sourceTree = "<group>";
		};
/* End PBXGroup section */

/* Begin PBXNativeTarget section */
		AB576F7524AF1F5300811835 /* SwiftUI_IOS14_Update */ = {
			isa = PBXNativeTarget;
			buildConfigurationList = AB576F8524AF1F5700811835 /* Build configuration list for PBXNativeTarget "SwiftUI_IOS14_Update" */;
			buildPhases = (
				AB576F7224AF1F5300811835 /* Sources */,
				AB576F7324AF1F5300811835 /* Frameworks */,
				AB576F7424AF1F5300811835 /* Resources */,
			);
			buildRules = (
			);
			dependencies = (
			);
			name = SwiftUI_IOS14_Update;
			productName = SwiftUI_IOS14_Update;
			productReference = AB576F7624AF1F5300811835 /* SwiftUI_IOS14_Update.app */;
			productType = "com.apple.product-type.application";
		};
/* End PBXNativeTarget section */

/* Begin PBXProject section */
		AB576F6E24AF1F5300811835 /* Project object */ = {
			isa = PBXProject;
			attributes = {
				LastSwiftUpdateCheck = 1200;
				LastUpgradeCheck = 1200;
				TargetAttributes = {
					AB576F7524AF1F5300811835 = {
						CreatedOnToolsVersion = 12.0;
					};
				};
			};
			buildConfigurationList = AB576F7124AF1F5300811835 /* Build configuration list for PBXProject "SwiftUI_IOS14_Update" */;
			compatibilityVersion = "Xcode 9.3";
			developmentRegion = en;
			hasScannedForEncodings = 0;
			knownRegions = (
				en,
				Base,
			);
			mainGroup = AB576F6D24AF1F5300811835;
			productRefGroup = AB576F7724AF1F5300811835 /* Products */;
			projectDirPath = "";
			projectRoot = "";
			targets = (
				AB576F7524AF1F5300811835 /* SwiftUI_IOS14_Update */,
			);
		};
/* End PBXProject section */

/* Begin PBXResourcesBuildPhase section */
		AB576F7424AF1F5300811835 /* Resources */ = {
			isa = PBXResourcesBuildPhase;
			buildActionMask = 2147483647;
			files = (
				AB576F8124AF1F5700811835 /* Preview Assets.xcassets in Resources */,
				AB576F7E24AF1F5700811835 /* Assets.xcassets in Resources */,
			);
			runOnlyForDeploymentPostprocessing = 0;
		};
/* End PBXResourcesBuildPhase section */

/* Begin PBXSourcesBuildPhase section */
		AB576F7224AF1F5300811835 /* Sources */ = {
			isa = PBXSourcesBuildPhase;
			buildActionMask = 2147483647;
			files = (
				AB576F8A24AF288D00811835 /* Extension.swift in Sources */,
				AB576F7C24AF1F5300811835 /* ContentView.swift in Sources */,
				AB576F7A24AF1F5300811835 /* SwiftUI_IOS14_UpdateApp.swift in Sources */,
			);
			runOnlyForDeploymentPostprocessing = 0;
		};
/* End PBXSourcesBuildPhase section */

/* Begin XCBuildConfiguration section */
		AB576F8324AF1F5700811835 /* Debug */ = {
			isa = XCBuildConfiguration;
			buildSettings = {
				ALWAYS_SEARCH_USER_PATHS = NO;
				CLANG_ANALYZER_NONNULL = YES;
				CLANG_ANALYZER_NUMBER_OBJECT_CONVERSION = YES_AGGRESSIVE;
				CLANG_CXX_LANGUAGE_STANDARD = "gnu++14";
				CLANG_CXX_LIBRARY = "libc++";
				CLANG_ENABLE_MODULES = YES;
				CLANG_ENABLE_OBJC_ARC = YES;
				CLANG_ENABLE_OBJC_WEAK = YES;
				CLANG_WARN_BLOCK_CAPTURE_AUTORELEASING = YES;
				CLANG_WARN_BOOL_CONVERSION = YES;
				CLANG_WARN_COMMA = YES;
				CLANG_WARN_CONSTANT_CONVERSION = YES;
				CLANG_WARN_DEPRECATED_OBJC_IMPLEMENTATIONS = YES;
				CLANG_WARN_DIRECT_OBJC_ISA_USAGE = YES_ERROR;
				CLANG_WARN_DOCUMENTATION_COMMENTS = YES;
				CLANG_WARN_EMPTY_BODY = YES;
				CLANG_WARN_ENUM_CONVERSION = YES;
				CLANG_WARN_INFINITE_RECURSION = YES;
				CLANG_WARN_INT_CONVERSION = YES;
				CLANG_WARN_NON_LITERAL_NULL_CONVERSION = YES;
				CLANG_WARN_OBJC_IMPLICIT_RETAIN_SELF = YES;
				CLANG_WARN_OBJC_LITERAL_CONVERSION = YES;
				CLANG_WARN_OBJC_ROOT_CLASS = YES_ERROR;
				CLANG_WARN_QUOTED_INCLUDE_IN_FRAMEWORK_HEADER = YES;
				CLANG_WARN_RANGE_LOOP_ANALYSIS = YES;
				CLANG_WARN_STRICT_PROTOTYPES = YES;
				CLANG_WARN_SUSPICIOUS_MOVE = YES;
				CLANG_WARN_UNGUARDED_AVAILABILITY = YES_AGGRESSIVE;
				CLANG_WARN_UNREACHABLE_CODE = YES;
				CLANG_WARN__DUPLICATE_METHOD_MATCH = YES;
				COPY_PHASE_STRIP = NO;
				DEBUG_INFORMATION_FORMAT = dwarf;
				ENABLE_STRICT_OBJC_MSGSEND = YES;
				ENABLE_TESTABILITY = YES;
				GCC_C_LANGUAGE_STANDARD = gnu11;
				GCC_DYNAMIC_NO_PIC = NO;
				GCC_NO_COMMON_BLOCKS = YES;
				GCC_OPTIMIZATION_LEVEL = 0;
				GCC_PREPROCESSOR_DEFINITIONS = (
					"DEBUG=1",
					"$(inherited)",
				);
				GCC_WARN_64_TO_32_BIT_CONVERSION = YES;
				GCC_WARN_ABOUT_RETURN_TYPE = YES_ERROR;
				GCC_WARN_UNDECLARED_SELECTOR = YES;
				GCC_WARN_UNINITIALIZED_AUTOS = YES_AGGRESSIVE;
				GCC_WARN_UNUSED_FUNCTION = YES;
				GCC_WARN_UNUSED_VARIABLE = YES;
				IPHONEOS_DEPLOYMENT_TARGET = 14.0;
				MTL_ENABLE_DEBUG_INFO = INCLUDE_SOURCE;
				MTL_FAST_MATH = YES;
				ONLY_ACTIVE_ARCH = YES;
				SDKROOT = iphoneos;
				SWIFT_ACTIVE_COMPILATION_CONDITIONS = DEBUG;
				SWIFT_OPTIMIZATION_LEVEL = "-Onone";
			};
			name = Debug;
		};
		AB576F8424AF1F5700811835 /* Release */ = {
			isa = XCBuildConfiguration;
			buildSettings = {
				ALWAYS_SEARCH_USER_PATHS = NO;
				CLANG_ANALYZER_NONNULL = YES;
				CLANG_ANALYZER_NUMBER_OBJECT_CONVERSION = YES_AGGRESSIVE;
				CLANG_CXX_LANGUAGE_STANDARD = "gnu++14";
				CLANG_CXX_LIBRARY = "libc++";
				CLANG_ENABLE_MODULES = YES;
				CLANG_ENABLE_OBJC_ARC = YES;
				CLANG_ENABLE_OBJC_WEAK = YES;
				CLANG_WARN_BLOCK_CAPTURE_AUTORELEASING = YES;
				CLANG_WARN_BOOL_CONVERSION = YES;
				CLANG_WARN_COMMA = YES;
				CLANG_WARN_CONSTANT_CONVERSION = YES;
				CLANG_WARN_DEPRECATED_OBJC_IMPLEMENTATIONS = YES;
				CLANG_WARN_DIRECT_OBJC_ISA_USAGE = YES_ERROR;
				CLANG_WARN_DOCUMENTATION_COMMENTS = YES;
				CLANG_WARN_EMPTY_BODY = YES;
				CLANG_WARN_ENUM_CONVERSION = YES;
				CLANG_WARN_INFINITE_RECURSION = YES;
				CLANG_WARN_INT_CONVERSION = YES;
				CLANG_WARN_NON_LITERAL_NULL_CONVERSION = YES;
				CLANG_WARN_OBJC_IMPLICIT_RETAIN_SELF = YES;
				CLANG_WARN_OBJC_LITERAL_CONVERSION = YES;
				CLANG_WARN_OBJC_ROOT_CLASS = YES_ERROR;
				CLANG_WARN_QUOTED_INCLUDE_IN_FRAMEWORK_HEADER = YES;
				CLANG_WARN_RANGE_LOOP_ANALYSIS = YES;
				CLANG_WARN_STRICT_PROTOTYPES = YES;
				CLANG_WARN_SUSPICIOUS_MOVE = YES;
				CLANG_WARN_UNGUARDED_AVAILABILITY = YES_AGGRESSIVE;
				CLANG_WARN_UNREACHABLE_CODE = YES;
				CLANG_WARN__DUPLICATE_METHOD_MATCH = YES;
				COPY_PHASE_STRIP = NO;
				DEBUG_INFORMATION_FORMAT = "dwarf-with-dsym";
				ENABLE_NS_ASSERTIONS = NO;
				ENABLE_STRICT_OBJC_MSGSEND = YES;
				GCC_C_LANGUAGE_STANDARD = gnu11;
				GCC_NO_COMMON_BLOCKS = YES;
				GCC_WARN_64_TO_32_BIT_CONVERSION = YES;
				GCC_WARN_ABOUT_RETURN_TYPE = YES_ERROR;
				GCC_WARN_UNDECLARED_SELECTOR = YES;
				GCC_WARN_UNINITIALIZED_AUTOS = YES_AGGRESSIVE;
				GCC_WARN_UNUSED_FUNCTION = YES;
				GCC_WARN_UNUSED_VARIABLE = YES;
				IPHONEOS_DEPLOYMENT_TARGET = 14.0;
				MTL_ENABLE_DEBUG_INFO = NO;
				MTL_FAST_MATH = YES;
				SDKROOT = iphoneos;
				SWIFT_COMPILATION_MODE = wholemodule;
				SWIFT_OPTIMIZATION_LEVEL = "-O";
				VALIDATE_PRODUCT = YES;
			};
			name = Release;
		};
		AB576F8624AF1F5700811835 /* Debug */ = {
			isa = XCBuildConfiguration;
			buildSettings = {
				ASSETCATALOG_COMPILER_APPICON_NAME = AppIcon;
				ASSETCATALOG_COMPILER_GLOBAL_ACCENT_COLOR_NAME = AccentColor;
				CODE_SIGN_STYLE = Automatic;
				DEVELOPMENT_ASSET_PATHS = "\"SwiftUI_IOS14_Update/Preview Content\"";
				DEVELOPMENT_TEAM = 96RB3U946P;
				ENABLE_PREVIEWS = YES;
				INFOPLIST_FILE = SwiftUI_IOS14_Update/Info.plist;
				IPHONEOS_DEPLOYMENT_TARGET = 14.0;
				LD_RUNPATH_SEARCH_PATHS = (
					"$(inherited)",
					"@executable_path/Frameworks",
				);
				PRODUCT_BUNDLE_IDENTIFIER = "com.companyname.SwiftUI-IOS14-Update";
				PRODUCT_NAME = "$(TARGET_NAME)";
				SWIFT_VERSION = 5.0;
				TARGETED_DEVICE_FAMILY = "1,2";
			};
			name = Debug;
		};
		AB576F8724AF1F5700811835 /* Release */ = {
			isa = XCBuildConfiguration;
			buildSettings = {
				ASSETCATALOG_COMPILER_APPICON_NAME = AppIcon;
				ASSETCATALOG_COMPILER_GLOBAL_ACCENT_COLOR_NAME = AccentColor;
				CODE_SIGN_STYLE = Automatic;
				DEVELOPMENT_ASSET_PATHS = "\"SwiftUI_IOS14_Update/Preview Content\"";
				DEVELOPMENT_TEAM = 96RB3U946P;
				ENABLE_PREVIEWS = YES;
				INFOPLIST_FILE = SwiftUI_IOS14_Update/Info.plist;
				IPHONEOS_DEPLOYMENT_TARGET = 14.0;
				LD_RUNPATH_SEARCH_PATHS = (
					"$(inherited)",
					"@executable_path/Frameworks",
				);
				PRODUCT_BUNDLE_IDENTIFIER = "com.companyname.SwiftUI-IOS14-Update";
				PRODUCT_NAME = "$(TARGET_NAME)";
				SWIFT_VERSION = 5.0;
				TARGETED_DEVICE_FAMILY = "1,2";
			};
			name = Release;
		};
/* End XCBuildConfiguration section */

/* Begin XCConfigurationList section */
		AB576F7124AF1F5300811835 /* Build configuration list for PBXProject "SwiftUI_IOS14_Update" */ = {
			isa = XCConfigurationList;
			buildConfigurations = (
				AB576F8324AF1F5700811835 /* Debug */,
				AB576F8424AF1F5700811835 /* Release */,
			);
			defaultConfigurationIsVisible = 0;
			defaultConfigurationName = Release;
		};
		AB576F8524AF1F5700811835 /* Build configuration list for PBXNativeTarget "SwiftUI_IOS14_Update" */ = {
			isa = XCConfigurationList;
			buildConfigurations = (
				AB576F8624AF1F5700811835 /* Debug */,
				AB576F8724AF1F5700811835 /* Release */,
			);
			defaultConfigurationIsVisible = 0;
			defaultConfigurationName = Release;
		};
/* End XCConfigurationList section */
	};
	rootObject = AB576F6E24AF1F5300811835 /* Project object */;
}
